
Microsoft Visual Studio Solution File, Format Version 12.00
# Visual Studio 15
VisualStudioVersion = 15.0.28307.421
MinimumVisualStudioVersion = 10.0.40219.1
Project("{FAE04EC0-301F-11D3-BF4B-00C04F79EFBC}") = "Go", "Go.csproj", "{FD3D12A4-844E-4319-9DCD-F77EE6A2B258}"
EndProject
Project("{FAE04EC0-301F-11D3-BF4B-00C04F79EFBC}") = "UnitTestProject", "..\UnitTestProject\UnitTestProject.csproj", "{CF209E5D-C6D5-420C-8773-2229138AFA71}"
EndProject
Project("{FAE04EC0-301F-11D3-BF4B-00C04F79EFBC}") = "RemotePlayer", "..\RemotePlayer\RemotePlayer.csproj", "{42BFED1E-F961-4132-BCDB-492C4CFF7F0D}"
EndProject
Global
	GlobalSection(SolutionConfigurationPlatforms) = preSolution
		Debug|Any CPU = Debug|Any CPU
		Release|Any CPU = Release|Any CPU
	EndGlobalSection
	GlobalSection(ProjectConfigurationPlatforms) = postSolution
		{FD3D12A4-844E-4319-9DCD-F77EE6A2B258}.Debug|Any CPU.ActiveCfg = Debug|Any CPU
		{FD3D12A4-844E-4319-9DCD-F77EE6A2B258}.Debug|Any CPU.Build.0 = Debug|Any CPU
		{FD3D12A4-844E-4319-9DCD-F77EE6A2B258}.Release|Any CPU.ActiveCfg = Release|Any CPU
		{FD3D12A4-844E-4319-9DCD-F77EE6A2B258}.Release|Any CPU.Build.0 = Release|Any CPU
		{CF209E5D-C6D5-420C-8773-2229138AFA71}.Debug|Any CPU.ActiveCfg = Debug|Any CPU
		{CF209E5D-C6D5-420C-8773-2229138AFA71}.Debug|Any CPU.Build.0 = Debug|Any CPU
		{CF209E5D-C6D5-420C-8773-2229138AFA71}.Release|Any CPU.ActiveCfg = Release|Any CPU
		{CF209E5D-C6D5-420C-8773-2229138AFA71}.Release|Any CPU.Build.0 = Release|Any CPU
		{42BFED1E-F961-4132-BCDB-492C4CFF7F0D}.Debug|Any CPU.ActiveCfg = Debug|Any CPU
		{42BFED1E-F961-4132-BCDB-492C4CFF7F0D}.Debug|Any CPU.Build.0 = Debug|Any CPU
		{42BFED1E-F961-4132-BCDB-492C4CFF7F0D}.Release|Any CPU.ActiveCfg = Release|Any CPU
		{42BFED1E-F961-4132-BCDB-492C4CFF7F0D}.Release|Any CPU.Build.0 = Release|Any CPU
	EndGlobalSection
	GlobalSection(SolutionProperties) = preSolution
		HideSolutionNode = FALSE
	EndGlobalSection
	GlobalSection(ExtensibilityGlobals) = postSolution
		SolutionGuid = {4A2DEFFA-E87B-4F8C-BED6-02130E5024E5}
	EndGlobalSection
EndGlobal
